// !$*UTF8*$!
{
	archiveVersion = 1;
	classes = {
	};
	objectVersion = 46;
	objects = {

/* Begin PBXBuildFile section */
		81D4C50B1B5C1657007D33C9 /* AppDelegate.swift in Sources */ = {isa = PBXBuildFile; fileRef = 81D4C50A1B5C1657007D33C9 /* AppDelegate.swift */; };
		81D4C50E1B5C1657007D33C9 /* c_grocery.xcdatamodeld in Sources */ = {isa = PBXBuildFile; fileRef = 81D4C50C1B5C1657007D33C9 /* c_grocery.xcdatamodeld */; };
		81D4C5101B5C1657007D33C9 /* MasterViewController.swift in Sources */ = {isa = PBXBuildFile; fileRef = 81D4C50F1B5C1657007D33C9 /* MasterViewController.swift */; };
		81D4C5121B5C1657007D33C9 /* DetailViewController.swift in Sources */ = {isa = PBXBuildFile; fileRef = 81D4C5111B5C1657007D33C9 /* DetailViewController.swift */; };
		81D4C5151B5C1657007D33C9 /* Main.storyboard in Resources */ = {isa = PBXBuildFile; fileRef = 81D4C5131B5C1657007D33C9 /* Main.storyboard */; };
		81D4C5171B5C1657007D33C9 /* Images.xcassets in Resources */ = {isa = PBXBuildFile; fileRef = 81D4C5161B5C1657007D33C9 /* Images.xcassets */; };
		81D4C51A1B5C1657007D33C9 /* LaunchScreen.xib in Resources */ = {isa = PBXBuildFile; fileRef = 81D4C5181B5C1657007D33C9 /* LaunchScreen.xib */; };
		81D4C5261B5C1657007D33C9 /* c_groceryTests.swift in Sources */ = {isa = PBXBuildFile; fileRef = 81D4C5251B5C1657007D33C9 /* c_groceryTests.swift */; };
/* End PBXBuildFile section */

/* Begin PBXContainerItemProxy section */
		81D4C5201B5C1657007D33C9 /* PBXContainerItemProxy */ = {
			isa = PBXContainerItemProxy;
			containerPortal = 81D4C4FD1B5C1657007D33C9 /* Project object */;
			proxyType = 1;
			remoteGlobalIDString = 81D4C5041B5C1657007D33C9;
			remoteInfo = "c-grocery";
		};
/* End PBXContainerItemProxy section */

/* Begin PBXFileReference section */
		81D4C5051B5C1657007D33C9 /* c-grocery.app */ = {isa = PBXFileReference; explicitFileType = wrapper.application; includeInIndex = 0; path = "c-grocery.app"; sourceTree = BUILT_PRODUCTS_DIR; };
		81D4C5091B5C1657007D33C9 /* Info.plist */ = {isa = PBXFileReference; lastKnownFileType = text.plist.xml; path = Info.plist; sourceTree = "<group>"; };
		81D4C50A1B5C1657007D33C9 /* AppDelegate.swift */ = {isa = PBXFileReference; lastKnownFileType = sourcecode.swift; path = AppDelegate.swift; sourceTree = "<group>"; };
		81D4C50D1B5C1657007D33C9 /* c_grocery.xcdatamodel */ = {isa = PBXFileReference; lastKnownFileType = wrapper.xcdatamodel; path = c_grocery.xcdatamodel; sourceTree = "<group>"; };
		81D4C50F1B5C1657007D33C9 /* MasterViewController.swift */ = {isa = PBXFileReference; lastKnownFileType = sourcecode.swift; path = MasterViewController.swift; sourceTree = "<group>"; };
		81D4C5111B5C1657007D33C9 /* DetailViewController.swift */ = {isa = PBXFileReference; lastKnownFileType = sourcecode.swift; path = DetailViewController.swift; sourceTree = "<group>"; };
		81D4C5141B5C1657007D33C9 /* Base */ = {isa = PBXFileReference; lastKnownFileType = file.storyboard; name = Base; path = Base.lproj/Main.storyboard; sourceTree = "<group>"; };
		81D4C5161B5C1657007D33C9 /* Images.xcassets */ = {isa = PBXFileReference; lastKnownFileType = folder.assetcatalog; path = Images.xcassets; sourceTree = "<group>"; };
		81D4C5191B5C1657007D33C9 /* Base */ = {isa = PBXFileReference; lastKnownFileType = file.xib; name = Base; path = Base.lproj/LaunchScreen.xib; sourceTree = "<group>"; };
		81D4C51F1B5C1657007D33C9 /* c-groceryTests.xctest */ = {isa = PBXFileReference; explicitFileType = wrapper.cfbundle; includeInIndex = 0; path = "c-groceryTests.xctest"; sourceTree = BUILT_PRODUCTS_DIR; };
		81D4C5241B5C1657007D33C9 /* Info.plist */ = {isa = PBXFileReference; lastKnownFileType = text.plist.xml; path = Info.plist; sourceTree = "<group>"; };
		81D4C5251B5C1657007D33C9 /* c_groceryTests.swift */ = {isa = PBXFileReference; lastKnownFileType = sourcecode.swift; path = c_groceryTests.swift; sourceTree = "<group>"; };
/* End PBXFileReference section */

/* Begin PBXFrameworksBuildPhase section */
		81D4C5021B5C1657007D33C9 /* Frameworks */ = {
			isa = PBXFrameworksBuildPhase;
			buildActionMask = 2147483647;
			files = (
			);
			runOnlyForDeploymentPostprocessing = 0;
		};
		81D4C51C1B5C1657007D33C9 /* Frameworks */ = {
			isa = PBXFrameworksBuildPhase;
			buildActionMask = 2147483647;
			files = (
			);
			runOnlyForDeploymentPostprocessing = 0;
		};
/* End PBXFrameworksBuildPhase section */

/* Begin PBXGroup section */
		81D4C4FC1B5C1657007D33C9 = {
			isa = PBXGroup;
			children = (
				81D4C5071B5C1657007D33C9 /* c-grocery */,
				81D4C5221B5C1657007D33C9 /* c-groceryTests */,
				81D4C5061B5C1657007D33C9 /* Products */,
			);
			sourceTree = "<group>";
		};
		81D4C5061B5C1657007D33C9 /* Products */ = {
			isa = PBXGroup;
			children = (
				81D4C5051B5C1657007D33C9 /* c-grocery.app */,
				81D4C51F1B5C1657007D33C9 /* c-groceryTests.xctest */,
			);
			name = Products;
			sourceTree = "<group>";
		};
		81D4C5071B5C1657007D33C9 /* c-grocery */ = {
			isa = PBXGroup;
			children = (
				81D4C50A1B5C1657007D33C9 /* AppDelegate.swift */,
				81D4C50F1B5C1657007D33C9 /* MasterViewController.swift */,
				81D4C5111B5C1657007D33C9 /* DetailViewController.swift */,
				81D4C5131B5C1657007D33C9 /* Main.storyboard */,
				81D4C5161B5C1657007D33C9 /* Images.xcassets */,
				81D4C5181B5C1657007D33C9 /* LaunchScreen.xib */,
				81D4C50C1B5C1657007D33C9 /* c_grocery.xcdatamodeld */,
				81D4C5081B5C1657007D33C9 /* Supporting Files */,
			);
			path = "c-grocery";
			sourceTree = "<group>";
		};
		81D4C5081B5C1657007D33C9 /* Supporting Files */ = {
			isa = PBXGroup;
			children = (
				81D4C5091B5C1657007D33C9 /* Info.plist */,
			);
			name = "Supporting Files";
			sourceTree = "<group>";
		};
		81D4C5221B5C1657007D33C9 /* c-groceryTests */ = {
			isa = PBXGroup;
			children = (
				81D4C5251B5C1657007D33C9 /* c_groceryTests.swift */,
				81D4C5231B5C1657007D33C9 /* Supporting Files */,
			);
			path = "c-groceryTests";
			sourceTree = "<group>";
		};
		81D4C5231B5C1657007D33C9 /* Supporting Files */ = {
			isa = PBXGroup;
			children = (
				81D4C5241B5C1657007D33C9 /* Info.plist */,
			);
			name = "Supporting Files";
			sourceTree = "<group>";
		};
/* End PBXGroup section */

/* Begin PBXNativeTarget section */
		81D4C5041B5C1657007D33C9 /* c-grocery */ = {
			isa = PBXNativeTarget;
			buildConfigurationList = 81D4C5291B5C1657007D33C9 /* Build configuration list for PBXNativeTarget "c-grocery" */;
			buildPhases = (
				81D4C5011B5C1657007D33C9 /* Sources */,
				81D4C5021B5C1657007D33C9 /* Frameworks */,
				81D4C5031B5C1657007D33C9 /* Resources */,
			);
			buildRules = (
			);
			dependencies = (
			);
			name = "c-grocery";
			productName = "c-grocery";
			productReference = 81D4C5051B5C1657007D33C9 /* c-grocery.app */;
			productType = "com.apple.product-type.application";
		};
		81D4C51E1B5C1657007D33C9 /* c-groceryTests */ = {
			isa = PBXNativeTarget;
			buildConfigurationList = 81D4C52C1B5C1657007D33C9 /* Build configuration list for PBXNativeTarget "c-groceryTests" */;
			buildPhases = (
				81D4C51B1B5C1657007D33C9 /* Sources */,
				81D4C51C1B5C1657007D33C9 /* Frameworks */,
				81D4C51D1B5C1657007D33C9 /* Resources */,
			);
			buildRules = (
			);
			dependencies = (
				81D4C5211B5C1657007D33C9 /* PBXTargetDependency */,
			);
			name = "c-groceryTests";
			productName = "c-groceryTests";
			productReference = 81D4C51F1B5C1657007D33C9 /* c-groceryTests.xctest */;
			productType = "com.apple.product-type.bundle.unit-test";
		};
/* End PBXNativeTarget section */

/* Begin PBXProject section */
		81D4C4FD1B5C1657007D33C9 /* Project object */ = {
			isa = PBXProject;
			attributes = {
				LastUpgradeCheck = 0640;
				ORGANIZATIONNAME = crk;
				TargetAttributes = {
					81D4C5041B5C1657007D33C9 = {
						CreatedOnToolsVersion = 6.4;
					};
					81D4C51E1B5C1657007D33C9 = {
						CreatedOnToolsVersion = 6.4;
						TestTargetID = 81D4C5041B5C1657007D33C9;
					};
				};
			};
			buildConfigurationList = 81D4C5001B5C1657007D33C9 /* Build configuration list for PBXProject "c-grocery" */;
			compatibilityVersion = "Xcode 3.2";
			developmentRegion = English;
			hasScannedForEncodings = 0;
			knownRegions = (
				en,
				Base,
			);
			mainGroup = 81D4C4FC1B5C1657007D33C9;
			productRefGroup = 81D4C5061B5C1657007D33C9 /* Products */;
			projectDirPath = "";
			projectRoot = "";
			targets = (
				81D4C5041B5C1657007D33C9 /* c-grocery */,
				81D4C51E1B5C1657007D33C9 /* c-groceryTests */,
			);
		};
/* End PBXProject section */

/* Begin PBXResourcesBuildPhase section */
		81D4C5031B5C1657007D33C9 /* Resources */ = {
			isa = PBXResourcesBuildPhase;
			buildActionMask = 2147483647;
			files = (
				81D4C5151B5C1657007D33C9 /* Main.storyboard in Resources */,
				81D4C51A1B5C1657007D33C9 /* LaunchScreen.xib in Resources */,
				81D4C5171B5C1657007D33C9 /* Images.xcassets in Resources */,
			);
			runOnlyForDeploymentPostprocessing = 0;
		};
		81D4C51D1B5C1657007D33C9 /* Resources */ = {
			isa = PBXResourcesBuildPhase;
			buildActionMask = 2147483647;
			files = (
			);
			runOnlyForDeploymentPostprocessing = 0;
		};
/* End PBXResourcesBuildPhase section */

/* Begin PBXSourcesBuildPhase section */
		81D4C5011B5C1657007D33C9 /* Sources */ = {
			isa = PBXSourcesBuildPhase;
			buildActionMask = 2147483647;
			files = (
				81D4C50B1B5C1657007D33C9 /* AppDelegate.swift in Sources */,
				81D4C50E1B5C1657007D33C9 /* c_grocery.xcdatamodeld in Sources */,
				81D4C5101B5C1657007D33C9 /* MasterViewController.swift in Sources */,
				81D4C5121B5C1657007D33C9 /* DetailViewController.swift in Sources */,
			);
			runOnlyForDeploymentPostprocessing = 0;
		};
		81D4C51B1B5C1657007D33C9 /* Sources */ = {
			isa = PBXSourcesBuildPhase;
			buildActionMask = 2147483647;
			files = (
				81D4C5261B5C1657007D33C9 /* c_groceryTests.swift in Sources */,
			);
			runOnlyForDeploymentPostprocessing = 0;
		};
/* End PBXSourcesBuildPhase section */

/* Begin PBXTargetDependency section */
		81D4C5211B5C1657007D33C9 /* PBXTargetDependency */ = {
			isa = PBXTargetDependency;
			target = 81D4C5041B5C1657007D33C9 /* c-grocery */;
			targetProxy = 81D4C5201B5C1657007D33C9 /* PBXContainerItemProxy */;
		};
/* End PBXTargetDependency section */

/* Begin PBXVariantGroup section */
		81D4C5131B5C1657007D33C9 /* Main.storyboard */ = {
			isa = PBXVariantGroup;
			children = (
				81D4C5141B5C1657007D33C9 /* Base */,
			);
			name = Main.storyboard;
			sourceTree = "<group>";
		};
		81D4C5181B5C1657007D33C9 /* LaunchScreen.xib */ = {
			isa = PBXVariantGroup;
			children = (
				81D4C5191B5C1657007D33C9 /* Base */,
			);
			name = LaunchScreen.xib;
			sourceTree = "<group>";
		};
/* End PBXVariantGroup section */

/* Begin XCBuildConfiguration section */
		81D4C5271B5C1657007D33C9 /* Debug */ = {
			isa = XCBuildConfiguration;
			buildSettings = {
				ALWAYS_SEARCH_USER_PATHS = NO;
				CLANG_CXX_LANGUAGE_STANDARD = "gnu++0x";
				CLANG_CXX_LIBRARY = "libc++";
				CLANG_ENABLE_MODULES = YES;
				CLANG_ENABLE_OBJC_ARC = YES;
				CLANG_WARN_BOOL_CONVERSION = YES;
				CLANG_WARN_CONSTANT_CONVERSION = YES;
				CLANG_WARN_DIRECT_OBJC_ISA_USAGE = YES_ERROR;
				CLANG_WARN_EMPTY_BODY = YES;
				CLANG_WARN_ENUM_CONVERSION = YES;
				CLANG_WARN_INT_CONVERSION = YES;
				CLANG_WARN_OBJC_ROOT_CLASS = YES_ERROR;
				CLANG_WARN_UNREACHABLE_CODE = YES;
				CLANG_WARN__DUPLICATE_METHOD_MATCH = YES;
				"CODE_SIGN_IDENTITY[sdk=iphoneos*]" = "iPhone Developer";
				COPY_PHASE_STRIP = NO;
				DEBUG_INFORMATION_FORMAT = "dwarf-with-dsym";
				ENABLE_STRICT_OBJC_MSGSEND = YES;
				GCC_C_LANGUAGE_STANDARD = gnu99;
				GCC_DYNAMIC_NO_PIC = NO;
				GCC_NO_COMMON_BLOCKS = YES;
				GCC_OPTIMIZATION_LEVEL = 0;
				GCC_PREPROCESSOR_DEFINITIONS = (
					"DEBUG=1",
					"$(inherited)",
				);
				GCC_SYMBOLS_PRIVATE_EXTERN = NO;
				GCC_WARN_64_TO_32_BIT_CONVERSION = YES;
				GCC_WARN_ABOUT_RETURN_TYPE = YES_ERROR;
				GCC_WARN_UNDECLARED_SELECTOR = YES;
				GCC_WARN_UNINITIALIZED_AUTOS = YES_AGGRESSIVE;
				GCC_WARN_UNUSED_FUNCTION = YES;
				GCC_WARN_UNUSED_VARIABLE = YES;
				IPHONEOS_DEPLOYMENT_TARGET = 8.4;
				MTL_ENABLE_DEBUG_INFO = YES;
				ONLY_ACTIVE_ARCH = YES;
				SDKROOT = iphoneos;
				SWIFT_OPTIMIZATION_LEVEL = "-Onone";
			};
			name = Debug;
		};
		81D4C5281B5C1657007D33C9 /* Release */ = {
			isa = XCBuildConfiguration;
			buildSettings = {
				ALWAYS_SEARCH_USER_PATHS = NO;
				CLANG_CXX_LANGUAGE_STANDARD = "gnu++0x";
				CLANG_CXX_LIBRARY = "libc++";
				CLANG_ENABLE_MODULES = YES;
				CLANG_ENABLE_OBJC_ARC = YES;
				CLANG_WARN_BOOL_CONVERSION = YES;
				CLANG_WARN_CONSTANT_CONVERSION = YES;
				CLANG_WARN_DIRECT_OBJC_ISA_USAGE = YES_ERROR;
				CLANG_WARN_EMPTY_BODY = YES;
				CLANG_WARN_ENUM_CONVERSION = YES;
				CLANG_WARN_INT_CONVERSION = YES;
				CLANG_WARN_OBJC_ROOT_CLASS = YES_ERROR;
				CLANG_WARN_UNREACHABLE_CODE = YES;
				CLANG_WARN__DUPLICATE_METHOD_MATCH = YES;
				"CODE_SIGN_IDENTITY[sdk=iphoneos*]" = "iPhone Developer";
				COPY_PHASE_STRIP = NO;
				DEBUG_INFORMATION_FORMAT = "dwarf-with-dsym";
				ENABLE_NS_ASSERTIONS = NO;
				ENABLE_STRICT_OBJC_MSGSEND = YES;
				GCC_C_LANGUAGE_STANDARD = gnu99;
				GCC_NO_COMMON_BLOCKS = YES;
				GCC_WARN_64_TO_32_BIT_CONVERSION = YES;
				GCC_WARN_ABOUT_RETURN_TYPE = YES_ERROR;
				GCC_WARN_UNDECLARED_SELECTOR = YES;
				GCC_WARN_UNINITIALIZED_AUTOS = YES_AGGRESSIVE;
				GCC_WARN_UNUSED_FUNCTION = YES;
				GCC_WARN_UNUSED_VARIABLE = YES;
				IPHONEOS_DEPLOYMENT_TARGET = 8.4;
				MTL_ENABLE_DEBUG_INFO = NO;
				SDKROOT = iphoneos;
				VALIDATE_PRODUCT = YES;
			};
			name = Release;
		};
		81D4C52A1B5C1657007D33C9 /* Debug */ = {
			isa = XCBuildConfiguration;
			buildSettings = {
				ASSETCATALOG_COMPILER_APPICON_NAME = AppIcon;
				INFOPLIST_FILE = "c-grocery/Info.plist";
				LD_RUNPATH_SEARCH_PATHS = "$(inherited) @executable_path/Frameworks";
				PRODUCT_NAME = "$(TARGET_NAME)";
			};
			name = Debug;
		};
		81D4C52B1B5C1657007D33C9 /* Release */ = {
			isa = XCBuildConfiguration;
			buildSettings = {
				ASSETCATALOG_COMPILER_APPICON_NAME = AppIcon;
				INFOPLIST_FILE = "c-grocery/Info.plist";
				LD_RUNPATH_SEARCH_PATHS = "$(inherited) @executable_path/Frameworks";
				PRODUCT_NAME = "$(TARGET_NAME)";
			};
			name = Release;
		};
		81D4C52D1B5C1657007D33C9 /* Debug */ = {
			isa = XCBuildConfiguration;
			buildSettings = {
				BUNDLE_LOADER = "$(TEST_HOST)";
				FRAMEWORK_SEARCH_PATHS = (
					"$(SDKROOT)/Developer/Library/Frameworks",
					"$(inherited)",
				);
				GCC_PREPROCESSOR_DEFINITIONS = (
					"DEBUG=1",
					"$(inherited)",
				);
				INFOPLIST_FILE = "c-groceryTests/Info.plist";
				LD_RUNPATH_SEARCH_PATHS = "$(inherited) @executable_path/Frameworks @loader_path/Frameworks";
				PRODUCT_NAME = "$(TARGET_NAME)";
				TEST_HOST = "$(BUILT_PRODUCTS_DIR)/c-grocery.app/c-grocery";
			};
			name = Debug;
		};
		81D4C52E1B5C1657007D33C9 /* Release */ = {
			isa = XCBuildConfiguration;
			buildSettings = {
				BUNDLE_LOADER = "$(TEST_HOST)";
				FRAMEWORK_SEARCH_PATHS = (
					"$(SDKROOT)/Developer/Library/Frameworks",
					"$(inherited)",
				);
				INFOPLIST_FILE = "c-groceryTests/Info.plist";
				LD_RUNPATH_SEARCH_PATHS = "$(inherited) @executable_path/Frameworks @loader_path/Frameworks";
				PRODUCT_NAME = "$(TARGET_NAME)";
				TEST_HOST = "$(BUILT_PRODUCTS_DIR)/c-grocery.app/c-grocery";
			};
			name = Release;
		};
/* End XCBuildConfiguration section */

/* Begin XCConfigurationList section */
		81D4C5001B5C1657007D33C9 /* Build configuration list for PBXProject "c-grocery" */ = {
			isa = XCConfigurationList;
			buildConfigurations = (
				81D4C5271B5C1657007D33C9 /* Debug */,
				81D4C5281B5C1657007D33C9 /* Release */,
			);
			defaultConfigurationIsVisible = 0;
			defaultConfigurationName = Release;
		};
		81D4C5291B5C1657007D33C9 /* Build configuration list for PBXNativeTarget "c-grocery" */ = {
			isa = XCConfigurationList;
			buildConfigurations = (
				81D4C52A1B5C1657007D33C9 /* Debug */,
				81D4C52B1B5C1657007D33C9 /* Release */,
			);
			defaultConfigurationIsVisible = 0;
		};
		81D4C52C1B5C1657007D33C9 /* Build configuration list for PBXNativeTarget "c-groceryTests" */ = {
			isa = XCConfigurationList;
			buildConfigurations = (
				81D4C52D1B5C1657007D33C9 /* Debug */,
				81D4C52E1B5C1657007D33C9 /* Release */,
			);
			defaultConfigurationIsVisible = 0;
		};
/* End XCConfigurationList section */

/* Begin XCVersionGroup section */
		81D4C50C1B5C1657007D33C9 /* c_grocery.xcdatamodeld */ = {
			isa = XCVersionGroup;
			children = (
				81D4C50D1B5C1657007D33C9 /* c_grocery.xcdatamodel */,
			);
			currentVersion = 81D4C50D1B5C1657007D33C9 /* c_grocery.xcdatamodel */;
			path = c_grocery.xcdatamodeld;
			sourceTree = "<group>";
			versionGroupType = wrapper.xcdatamodel;
		};
/* End XCVersionGroup section */
	};
	rootObject = 81D4C4FD1B5C1657007D33C9 /* Project object */;
}
